// !$*UTF8*$!
{
	archiveVersion = 1;
	classes = {
	};
	objectVersion = 50;
	objects = {

/* Begin PBXBuildFile section */
		EBB935F9239BDF3000F75E7C /* AppDelegate.swift in Sources */ = {isa = PBXBuildFile; fileRef = EBB935F8239BDF3000F75E7C /* AppDelegate.swift */; };
		EBB935FB239BDF3000F75E7C /* ViewController.swift in Sources */ = {isa = PBXBuildFile; fileRef = EBB935FA239BDF3000F75E7C /* ViewController.swift */; };
		EBB935FD239BDF3200F75E7C /* Assets.xcassets in Resources */ = {isa = PBXBuildFile; fileRef = EBB935FC239BDF3200F75E7C /* Assets.xcassets */; };
		EBB93600239BDF3200F75E7C /* Main.storyboard in Resources */ = {isa = PBXBuildFile; fileRef = EBB935FE239BDF3200F75E7C /* Main.storyboard */; };
		EBB93613239BDFC300F75E7C /* Parser.ym in Sources */ = {isa = PBXBuildFile; fileRef = EBB9360B239BDF9D00F75E7C /* Parser.ym */; };
		EBB93614239BDFC600F75E7C /* Lexer.lm in Sources */ = {isa = PBXBuildFile; fileRef = EBB9360D239BDF9D00F75E7C /* Lexer.lm */; };
		EBB93617239BE09200F75E7C /* MessageBlocks.m in Sources */ = {isa = PBXBuildFile; fileRef = EBB93616239BE09200F75E7C /* MessageBlocks.m */; };
/* End PBXBuildFile section */

/* Begin PBXFileReference section */
		EBB935F5239BDF3000F75E7C /* LanguageParsingInAction.app */ = {isa = PBXFileReference; explicitFileType = wrapper.application; includeInIndex = 0; path = LanguageParsingInAction.app; sourceTree = BUILT_PRODUCTS_DIR; };
		EBB935F8239BDF3000F75E7C /* AppDelegate.swift */ = {isa = PBXFileReference; lastKnownFileType = sourcecode.swift; path = AppDelegate.swift; sourceTree = "<group>"; };
		EBB935FA239BDF3000F75E7C /* ViewController.swift */ = {isa = PBXFileReference; lastKnownFileType = sourcecode.swift; path = ViewController.swift; sourceTree = "<group>"; };
		EBB935FC239BDF3200F75E7C /* Assets.xcassets */ = {isa = PBXFileReference; lastKnownFileType = folder.assetcatalog; path = Assets.xcassets; sourceTree = "<group>"; };
		EBB935FF239BDF3200F75E7C /* Base */ = {isa = PBXFileReference; lastKnownFileType = file.storyboard; name = Base; path = Base.lproj/Main.storyboard; sourceTree = "<group>"; };
		EBB93601239BDF3200F75E7C /* Info.plist */ = {isa = PBXFileReference; lastKnownFileType = text.plist.xml; path = Info.plist; sourceTree = "<group>"; };
		EBB93602239BDF3200F75E7C /* LanguageParsingInAction.entitlements */ = {isa = PBXFileReference; lastKnownFileType = text.plist.entitlements; path = LanguageParsingInAction.entitlements; sourceTree = "<group>"; };
		EBB9360B239BDF9D00F75E7C /* Parser.ym */ = {isa = PBXFileReference; lastKnownFileType = sourcecode.yacc; path = Parser.ym; sourceTree = "<group>"; };
		EBB9360D239BDF9D00F75E7C /* Lexer.lm */ = {isa = PBXFileReference; lastKnownFileType = sourcecode.lex; path = Lexer.lm; sourceTree = "<group>"; };
		EBB93615239BE09200F75E7C /* MessageBlocks.h */ = {isa = PBXFileReference; lastKnownFileType = sourcecode.c.h; path = MessageBlocks.h; sourceTree = "<group>"; };
		EBB93616239BE09200F75E7C /* MessageBlocks.m */ = {isa = PBXFileReference; lastKnownFileType = sourcecode.c.objc; path = MessageBlocks.m; sourceTree = "<group>"; };
		EBB93618239BE1D000F75E7C /* LanguageParsingInAction-Bridging-Header.h */ = {isa = PBXFileReference; lastKnownFileType = sourcecode.c.h; path = "LanguageParsingInAction-Bridging-Header.h"; sourceTree = "<group>"; };
/* End PBXFileReference section */

/* Begin PBXFrameworksBuildPhase section */
		EBB935F2239BDF3000F75E7C /* Frameworks */ = {
			isa = PBXFrameworksBuildPhase;
			buildActionMask = 2147483647;
			files = (
			);
			runOnlyForDeploymentPostprocessing = 0;
		};
/* End PBXFrameworksBuildPhase section */

/* Begin PBXGroup section */
		EBB935EC239BDF3000F75E7C = {
			isa = PBXGroup;
			children = (
				EBB935F7239BDF3000F75E7C /* LanguageParsingInAction */,
				EBB935F6239BDF3000F75E7C /* Products */,
			);
			sourceTree = "<group>";
		};
		EBB935F6239BDF3000F75E7C /* Products */ = {
			isa = PBXGroup;
			children = (
				EBB935F5239BDF3000F75E7C /* LanguageParsingInAction.app */,
			);
			name = Products;
			sourceTree = "<group>";
		};
		EBB935F7239BDF3000F75E7C /* LanguageParsingInAction */ = {
			isa = PBXGroup;
			children = (
				EBB93608239BDF9D00F75E7C /* Parser */,
				EBB935F8239BDF3000F75E7C /* AppDelegate.swift */,
				EBB935FA239BDF3000F75E7C /* ViewController.swift */,
				EBB93618239BE1D000F75E7C /* LanguageParsingInAction-Bridging-Header.h */,
				EBB935FC239BDF3200F75E7C /* Assets.xcassets */,
				EBB935FE239BDF3200F75E7C /* Main.storyboard */,
				EBB93601239BDF3200F75E7C /* Info.plist */,
				EBB93602239BDF3200F75E7C /* LanguageParsingInAction.entitlements */,
			);
			path = LanguageParsingInAction;
			sourceTree = "<group>";
		};
		EBB93608239BDF9D00F75E7C /* Parser */ = {
			isa = PBXGroup;
			children = (
				EBB9360A239BDF9D00F75E7C /* Source */,
			);
			path = Parser;
			sourceTree = "<group>";
		};
		EBB9360A239BDF9D00F75E7C /* Source */ = {
			isa = PBXGroup;
			children = (
				EBB9360D239BDF9D00F75E7C /* Lexer.lm */,
				EBB9360B239BDF9D00F75E7C /* Parser.ym */,
				EBB93615239BE09200F75E7C /* MessageBlocks.h */,
				EBB93616239BE09200F75E7C /* MessageBlocks.m */,
			);
			path = Source;
			sourceTree = "<group>";
		};
/* End PBXGroup section */

/* Begin PBXNativeTarget section */
		EBB935F4239BDF3000F75E7C /* LanguageParsingInAction */ = {
			isa = PBXNativeTarget;
			buildConfigurationList = EBB93605239BDF3200F75E7C /* Build configuration list for PBXNativeTarget "LanguageParsingInAction" */;
			buildPhases = (
				EBB935F1239BDF3000F75E7C /* Sources */,
				EBB935F2239BDF3000F75E7C /* Frameworks */,
				EBB935F3239BDF3000F75E7C /* Resources */,
			);
			buildRules = (
			);
			dependencies = (
			);
			name = LanguageParsingInAction;
			productName = LanguageParsingInAction;
			productReference = EBB935F5239BDF3000F75E7C /* LanguageParsingInAction.app */;
			productType = "com.apple.product-type.application";
		};
/* End PBXNativeTarget section */

/* Begin PBXProject section */
		EBB935ED239BDF3000F75E7C /* Project object */ = {
			isa = PBXProject;
			attributes = {
				LastSwiftUpdateCheck = 1120;
				LastUpgradeCheck = 1120;
				ORGANIZATIONNAME = "Johannes Raufeisen";
				TargetAttributes = {
					EBB935F4239BDF3000F75E7C = {
						CreatedOnToolsVersion = 11.2.1;
					};
				};
			};
			buildConfigurationList = EBB935F0239BDF3000F75E7C /* Build configuration list for PBXProject "LanguageParsingInAction" */;
			compatibilityVersion = "Xcode 9.3";
			developmentRegion = en;
			hasScannedForEncodings = 0;
			knownRegions = (
				en,
				Base,
			);
			mainGroup = EBB935EC239BDF3000F75E7C;
			productRefGroup = EBB935F6239BDF3000F75E7C /* Products */;
			projectDirPath = "";
			projectRoot = "";
			targets = (
				EBB935F4239BDF3000F75E7C /* LanguageParsingInAction */,
			);
		};
/* End PBXProject section */

/* Begin PBXResourcesBuildPhase section */
		EBB935F3239BDF3000F75E7C /* Resources */ = {
			isa = PBXResourcesBuildPhase;
			buildActionMask = 2147483647;
			files = (
				EBB935FD239BDF3200F75E7C /* Assets.xcassets in Resources */,
				EBB93600239BDF3200F75E7C /* Main.storyboard in Resources */,
			);
			runOnlyForDeploymentPostprocessing = 0;
		};
/* End PBXResourcesBuildPhase section */

/* Begin PBXSourcesBuildPhase section */
		EBB935F1239BDF3000F75E7C /* Sources */ = {
			isa = PBXSourcesBuildPhase;
			buildActionMask = 2147483647;
			files = (
				EBB93613239BDFC300F75E7C /* Parser.ym in Sources */,
				EBB935FB239BDF3000F75E7C /* ViewController.swift in Sources */,
				EBB935F9239BDF3000F75E7C /* AppDelegate.swift in Sources */,
				EBB93617239BE09200F75E7C /* MessageBlocks.m in Sources */,
				EBB93614239BDFC600F75E7C /* Lexer.lm in Sources */,
			);
			runOnlyForDeploymentPostprocessing = 0;
		};
/* End PBXSourcesBuildPhase section */

/* Begin PBXVariantGroup section */
		EBB935FE239BDF3200F75E7C /* Main.storyboard */ = {
			isa = PBXVariantGroup;
			children = (
				EBB935FF239BDF3200F75E7C /* Base */,
			);
			name = Main.storyboard;
			sourceTree = "<group>";
		};
/* End PBXVariantGroup section */

/* Begin XCBuildConfiguration section */
		EBB93603239BDF3200F75E7C /* Debug */ = {
			isa = XCBuildConfiguration;
			buildSettings = {
				ALWAYS_SEARCH_USER_PATHS = NO;
				CLANG_ANALYZER_NONNULL = YES;
				CLANG_ANALYZER_NUMBER_OBJECT_CONVERSION = YES_AGGRESSIVE;
				CLANG_CXX_LANGUAGE_STANDARD = "gnu++14";
				CLANG_CXX_LIBRARY = "libc++";
				CLANG_ENABLE_MODULES = YES;
				CLANG_ENABLE_OBJC_ARC = YES;
				CLANG_ENABLE_OBJC_WEAK = YES;
				CLANG_WARN_BLOCK_CAPTURE_AUTORELEASING = YES;
				CLANG_WARN_BOOL_CONVERSION = YES;
				CLANG_WARN_COMMA = YES;
				CLANG_WARN_CONSTANT_CONVERSION = YES;
				CLANG_WARN_DEPRECATED_OBJC_IMPLEMENTATIONS = YES;
				CLANG_WARN_DIRECT_OBJC_ISA_USAGE = YES_ERROR;
				CLANG_WARN_DOCUMENTATION_COMMENTS = YES;
				CLANG_WARN_EMPTY_BODY = YES;
				CLANG_WARN_ENUM_CONVERSION = YES;
				CLANG_WARN_INFINITE_RECURSION = YES;
				CLANG_WARN_INT_CONVERSION = YES;
				CLANG_WARN_NON_LITERAL_NULL_CONVERSION = YES;
				CLANG_WARN_OBJC_IMPLICIT_RETAIN_SELF = YES;
				CLANG_WARN_OBJC_LITERAL_CONVERSION = YES;
				CLANG_WARN_OBJC_ROOT_CLASS = YES_ERROR;
				CLANG_WARN_RANGE_LOOP_ANALYSIS = YES;
				CLANG_WARN_STRICT_PROTOTYPES = YES;
				CLANG_WARN_SUSPICIOUS_MOVE = YES;
				CLANG_WARN_UNGUARDED_AVAILABILITY = YES_AGGRESSIVE;
				CLANG_WARN_UNREACHABLE_CODE = YES;
				CLANG_WARN__DUPLICATE_METHOD_MATCH = YES;
				COPY_PHASE_STRIP = NO;
				DEBUG_INFORMATION_FORMAT = dwarf;
				ENABLE_STRICT_OBJC_MSGSEND = YES;
				ENABLE_TESTABILITY = YES;
				GCC_C_LANGUAGE_STANDARD = gnu11;
				GCC_DYNAMIC_NO_PIC = NO;
				GCC_NO_COMMON_BLOCKS = YES;
				GCC_OPTIMIZATION_LEVEL = 0;
				GCC_PREPROCESSOR_DEFINITIONS = (
					"DEBUG=1",
					"$(inherited)",
				);
				GCC_WARN_64_TO_32_BIT_CONVERSION = YES;
				GCC_WARN_ABOUT_RETURN_TYPE = YES_ERROR;
				GCC_WARN_UNDECLARED_SELECTOR = YES;
				GCC_WARN_UNINITIALIZED_AUTOS = YES_AGGRESSIVE;
				GCC_WARN_UNUSED_FUNCTION = YES;
				GCC_WARN_UNUSED_VARIABLE = YES;
				MACOSX_DEPLOYMENT_TARGET = 10.14;
				MTL_ENABLE_DEBUG_INFO = INCLUDE_SOURCE;
				MTL_FAST_MATH = YES;
				ONLY_ACTIVE_ARCH = YES;
				SDKROOT = macosx;
				SWIFT_ACTIVE_COMPILATION_CONDITIONS = DEBUG;
				SWIFT_OPTIMIZATION_LEVEL = "-Onone";
			};
			name = Debug;
		};
		EBB93604239BDF3200F75E7C /* Release */ = {
			isa = XCBuildConfiguration;
			buildSettings = {
				ALWAYS_SEARCH_USER_PATHS = NO;
				CLANG_ANALYZER_NONNULL = YES;
				CLANG_ANALYZER_NUMBER_OBJECT_CONVERSION = YES_AGGRESSIVE;
				CLANG_CXX_LANGUAGE_STANDARD = "gnu++14";
				CLANG_CXX_LIBRARY = "libc++";
				CLANG_ENABLE_MODULES = YES;
				CLANG_ENABLE_OBJC_ARC = YES;
				CLANG_ENABLE_OBJC_WEAK = YES;
				CLANG_WARN_BLOCK_CAPTURE_AUTORELEASING = YES;
				CLANG_WARN_BOOL_CONVERSION = YES;
				CLANG_WARN_COMMA = YES;
				CLANG_WARN_CONSTANT_CONVERSION = YES;
				CLANG_WARN_DEPRECATED_OBJC_IMPLEMENTATIONS = YES;
				CLANG_WARN_DIRECT_OBJC_ISA_USAGE = YES_ERROR;
				CLANG_WARN_DOCUMENTATION_COMMENTS = YES;
				CLANG_WARN_EMPTY_BODY = YES;
				CLANG_WARN_ENUM_CONVERSION = YES;
				CLANG_WARN_INFINITE_RECURSION = YES;
				CLANG_WARN_INT_CONVERSION = YES;
				CLANG_WARN_NON_LITERAL_NULL_CONVERSION = YES;
				CLANG_WARN_OBJC_IMPLICIT_RETAIN_SELF = YES;
				CLANG_WARN_OBJC_LITERAL_CONVERSION = YES;
				CLANG_WARN_OBJC_ROOT_CLASS = YES_ERROR;
				CLANG_WARN_RANGE_LOOP_ANALYSIS = YES;
				CLANG_WARN_STRICT_PROTOTYPES = YES;
				CLANG_WARN_SUSPICIOUS_MOVE = YES;
				CLANG_WARN_UNGUARDED_AVAILABILITY = YES_AGGRESSIVE;
				CLANG_WARN_UNREACHABLE_CODE = YES;
				CLANG_WARN__DUPLICATE_METHOD_MATCH = YES;
				COPY_PHASE_STRIP = NO;
				DEBUG_INFORMATION_FORMAT = "dwarf-with-dsym";
				ENABLE_NS_ASSERTIONS = NO;
				ENABLE_STRICT_OBJC_MSGSEND = YES;
				GCC_C_LANGUAGE_STANDARD = gnu11;
				GCC_NO_COMMON_BLOCKS = YES;
				GCC_WARN_64_TO_32_BIT_CONVERSION = YES;
				GCC_WARN_ABOUT_RETURN_TYPE = YES_ERROR;
				GCC_WARN_UNDECLARED_SELECTOR = YES;
				GCC_WARN_UNINITIALIZED_AUTOS = YES_AGGRESSIVE;
				GCC_WARN_UNUSED_FUNCTION = YES;
				GCC_WARN_UNUSED_VARIABLE = YES;
				MACOSX_DEPLOYMENT_TARGET = 10.14;
				MTL_ENABLE_DEBUG_INFO = NO;
				MTL_FAST_MATH = YES;
				SDKROOT = macosx;
				SWIFT_COMPILATION_MODE = wholemodule;
				SWIFT_OPTIMIZATION_LEVEL = "-O";
			};
			name = Release;
		};
		EBB93606239BDF3200F75E7C /* Debug */ = {
			isa = XCBuildConfiguration;
			buildSettings = {
				ASSETCATALOG_COMPILER_APPICON_NAME = AppIcon;
				CODE_SIGN_ENTITLEMENTS = LanguageParsingInAction/LanguageParsingInAction.entitlements;
				CODE_SIGN_STYLE = Automatic;
				COMBINE_HIDPI_IMAGES = YES;
				DEVELOPMENT_TEAM = YLJFWRHN2U;
				ENABLE_HARDENED_RUNTIME = YES;
				INFOPLIST_FILE = LanguageParsingInAction/Info.plist;
				LD_RUNPATH_SEARCH_PATHS = (
					"$(inherited)",
					"@executable_path/../Frameworks",
				);
				PRODUCT_BUNDLE_IDENTIFIER = com.jraufeisen.LanguageParsingInAction;
				PRODUCT_NAME = "$(TARGET_NAME)";
				SWIFT_OBJC_BRIDGING_HEADER = "LanguageParsingInAction/LanguageParsingInAction-Bridging-Header.h";
				SWIFT_VERSION = 5.0;
			};
			name = Debug;
		};
		EBB93607239BDF3200F75E7C /* Release */ = {
			isa = XCBuildConfiguration;
			buildSettings = {
				ASSETCATALOG_COMPILER_APPICON_NAME = AppIcon;
				CODE_SIGN_ENTITLEMENTS = LanguageParsingInAction/LanguageParsingInAction.entitlements;
				CODE_SIGN_STYLE = Automatic;
				COMBINE_HIDPI_IMAGES = YES;
				DEVELOPMENT_TEAM = YLJFWRHN2U;
				ENABLE_HARDENED_RUNTIME = YES;
				INFOPLIST_FILE = LanguageParsingInAction/Info.plist;
				LD_RUNPATH_SEARCH_PATHS = (
					"$(inherited)",
					"@executable_path/../Frameworks",
				);
				PRODUCT_BUNDLE_IDENTIFIER = com.jraufeisen.LanguageParsingInAction;
				PRODUCT_NAME = "$(TARGET_NAME)";
				SWIFT_OBJC_BRIDGING_HEADER = "LanguageParsingInAction/LanguageParsingInAction-Bridging-Header.h";
				SWIFT_VERSION = 5.0;
			};
			name = Release;
		};
/* End XCBuildConfiguration section */

/* Begin XCConfigurationList section */
		EBB935F0239BDF3000F75E7C /* Build configuration list for PBXProject "LanguageParsingInAction" */ = {
			isa = XCConfigurationList;
			buildConfigurations = (
				EBB93603239BDF3200F75E7C /* Debug */,
				EBB93604239BDF3200F75E7C /* Release */,
			);
			defaultConfigurationIsVisible = 0;
			defaultConfigurationName = Release;
		};
		EBB93605239BDF3200F75E7C /* Build configuration list for PBXNativeTarget "LanguageParsingInAction" */ = {
			isa = XCConfigurationList;
			buildConfigurations = (
				EBB93606239BDF3200F75E7C /* Debug */,
				EBB93607239BDF3200F75E7C /* Release */,
			);
			defaultConfigurationIsVisible = 0;
			defaultConfigurationName = Release;
		};
/* End XCConfigurationList section */
	};
	rootObject = EBB935ED239BDF3000F75E7C /* Project object */;
}
